
Microsoft Visual Studio Solution File, Format Version 12.00
# Visual Studio Version 16
VisualStudioVersion = 16.0.30011.22
MinimumVisualStudioVersion = 10.0.40219.1
Project("{FAE04EC0-301F-11D3-BF4B-00C04F79EFBC}") = "By 3 or not by 3 That is the question", "By 3 or not by 3 That is the question\By 3 or not by 3 That is the question.csproj", "{FA0F741F-B225-4449-8587-711DF4D00AFF}"
EndProject
Global
	GlobalSection(SolutionConfigurationPlatforms) = preSolution
		Debug|Any CPU = Debug|Any CPU
		Release|Any CPU = Release|Any CPU
	EndGlobalSection
	GlobalSection(ProjectConfigurationPlatforms) = postSolution
		{FA0F741F-B225-4449-8587-711DF4D00AFF}.Debug|Any CPU.ActiveCfg = Debug|Any CPU
		{FA0F741F-B225-4449-8587-711DF4D00AFF}.Debug|Any CPU.Build.0 = Debug|Any CPU
		{FA0F741F-B225-4449-8587-711DF4D00AFF}.Release|Any CPU.ActiveCfg = Release|Any CPU
		{FA0F741F-B225-4449-8587-711DF4D00AFF}.Release|Any CPU.Build.0 = Release|Any CPU
	EndGlobalSection
	GlobalSection(SolutionProperties) = preSolution
		HideSolutionNode = FALSE
	EndGlobalSection
	GlobalSection(ExtensibilityGlobals) = postSolution
		SolutionGuid = {022E7F6A-76CE-4449-882E-803C2258ED8B}
	EndGlobalSection
EndGlobal
